
Microsoft Visual Studio Solution File, Format Version 12.00
# Visual Studio Version 17
VisualStudioVersion = 17.3.32804.467
MinimumVisualStudioVersion = 10.0.40219.1
Project("{FAE04EC0-301F-11D3-BF4B-00C04F79EFBC}") = "ApiCatalogo", "ApiCatalogo\ApiCatalogo.csproj", "{2611E263-C0CD-40E4-8B52-5E52D8B6B138}"
EndProject
Global
	GlobalSection(SolutionConfigurationPlatforms) = preSolution
		Debug|Any CPU = Debug|Any CPU
		Release|Any CPU = Release|Any CPU
	EndGlobalSection
	GlobalSection(ProjectConfigurationPlatforms) = postSolution
		{2611E263-C0CD-40E4-8B52-5E52D8B6B138}.Debug|Any CPU.ActiveCfg = Debug|Any CPU
		{2611E263-C0CD-40E4-8B52-5E52D8B6B138}.Debug|Any CPU.Build.0 = Debug|Any CPU
		{2611E263-C0CD-40E4-8B52-5E52D8B6B138}.Release|Any CPU.ActiveCfg = Release|Any CPU
		{2611E263-C0CD-40E4-8B52-5E52D8B6B138}.Release|Any CPU.Build.0 = Release|Any CPU
	EndGlobalSection
	GlobalSection(SolutionProperties) = preSolution
		HideSolutionNode = FALSE
	EndGlobalSection
	GlobalSection(ExtensibilityGlobals) = postSolution
		SolutionGuid = {1F35EE69-460D-4550-AD25-D37DA7CB5212}
	EndGlobalSection
EndGlobal
